Microsoft Visual Studio Solution File, Format Version 12.00
# Visual Studio Version 16
VisualStudioVersion = 16.0.29215.179
MinimumVisualStudioVersion = 10.0.40219.1
Project("{FAE04EC0-301F-11D3-BF4B-00C04F79EFBC}") = "attempt", "attempt.csproj", "{A79A5694-97BB-4F32-BFE1-DBAD930C8F56}"
EndProject
Global
	GlobalSection(SolutionConfigurationPlatforms) = preSolution
		Debug|Any CPU = Debug|Any CPU
		Release|Any CPU = Release|Any CPU
	EndGlobalSection
	GlobalSection(ProjectConfigurationPlatforms) = postSolution
		{A79A5694-97BB-4F32-BFE1-DBAD930C8F56}.Debug|Any CPU.ActiveCfg = Release|Any CPU
		{A79A5694-97BB-4F32-BFE1-DBAD930C8F56}.Debug|Any CPU.Build.0 = Release|Any CPU
		{A79A5694-97BB-4F32-BFE1-DBAD930C8F56}.Release|Any CPU.ActiveCfg = Release|Any CPU
		{A79A5694-97BB-4F32-BFE1-DBAD930C8F56}.Release|Any CPU.Build.0 = Release|Any CPU
	EndGlobalSection
	GlobalSection(SolutionProperties) = preSolution
		HideSolutionNode = FALSE
	EndGlobalSection
	GlobalSection(ExtensibilityGlobals) = postSolution
		SolutionGuid = {5848C09D-A95B-498C-9CF7-1A5792B41E26}
	EndGlobalSection
EndGlobal
